<Solution>
  <Folder Name="/src/">
    <Project Path="src/eMarket.Api/eMarket.Api.csproj" />
    <Project Path="src/eMarket.Application/eMarket.Application.csproj" />
    <Project Path="src/eMarket.Domain/eMarket.Domain.csproj" />
    <Project Path="src/eMarket.Infrastructure/eMarket.Infrastructure.csproj" />
    <Project Path="src/eMarket.SharedKernel/eMarket.SharedKernel.csproj" />
  </Folder>
  <Folder Name="/tests/">
    <Project Path="tests/eMarket.ArchitectureTests/eMarket.ArchitectureTests.csproj" />
    <Project Path="tests/eMarket.IntegrationTests/eMarket.IntegrationTests.csproj" />
    <Project Path="tests/eMarket.UnitTests/eMarket.UnitTests.csproj" />
  </Folder>
</Solution>
